PODS:
  - iOSDFULibrary (3.0.6):
    - Zip (~> 0.6)
  - Zip (0.6.0)

DEPENDENCIES:
  - iOSDFULibrary

SPEC CHECKSUMS:
  iOSDFULibrary: e9f7838a54eed84228669c7739d8d7ed98d3da31
  Zip: 805fc2fa9d2f05bbb7762d982d7a42ccdcc51f42

PODFILE CHECKSUM: 788034e78149291c87f7fc02666ed857711d57fd

COCOAPODS: 1.2.0
